# THIS IS AN AUTOGENERATED FILE. DO NOT EDIT THIS FILE DIRECTLY.
# yarn lockfile v1


"@ffmpeg/core@^0.12.6":
  version "0.12.6"
  resolved "https://registry.yarnpkg.com/@ffmpeg/core/-/core-0.12.6.tgz#9a61866fdd662118bcf419b96db76d5fa3c6c270"
  integrity sha512-PrjWBTfGn2WVn9T7wGnzfFwChbqWeZc7tM9vvJZVRadYFUDakfzy7W0LpYC0cvvK0xT82qlBsk38lQhJ/Hps5A==

"@ffmpeg/ffmpeg@^0.12.10":
  version "0.12.10"
  resolved "https://registry.yarnpkg.com/@ffmpeg/ffmpeg/-/ffmpeg-0.12.10.tgz#e3cce21f21f11f33dfc1ec1d5ad5694f4a3073c9"
  integrity sha512-lVtk8PW8e+NUzGZhPTWj2P1J4/NyuCrbDD3O9IGpSeLYtUZKBqZO8CNj1WYGghep/MXoM8e1qVY1GztTkf8YYQ==
  dependencies:
    "@ffmpeg/types" "^0.12.2"

"@ffmpeg/types@^0.12.2":
  version "0.12.2"
  resolved "https://registry.yarnpkg.com/@ffmpeg/types/-/types-0.12.2.tgz#bc7eef321ae50225c247091f1f23fd3087c6aa1d"
  integrity sha512-NJtxwPoLb60/z1Klv0ueshguWQ/7mNm106qdHkB4HL49LXszjhjCCiL+ldHJGQ9ai2Igx0s4F24ghigy//ERdA==

react-icons@^5.0.1:
  version "5.0.1"
  resolved "https://registry.yarnpkg.com/react-icons/-/react-icons-5.0.1.tgz#1694e11bfa2a2888cab47dcc30154ce90485feee"
  integrity sha512-WqLZJ4bLzlhmsvme6iFdgO8gfZP17rfjYEJ2m9RsZjZ+cc4k1hTzknEz63YS1MeT50kVzoa1Nz36f4BEx+Wigw==
